
Microsoft Visual Studio Solution File, Format Version 12.00
# Visual Studio Version 17
VisualStudioVersion = 17.6.33829.357
MinimumVisualStudioVersion = 10.0.40219.1
Project("{FAE04EC0-301F-11D3-BF4B-00C04F79EFBC}") = "Exercicio Conjuntos 1", "Exercicio Conjuntos 1.csproj", "{CCF3C4B7-C552-4032-972F-6C81020725EA}"
EndProject
Global
	GlobalSection(SolutionConfigurationPlatforms) = preSolution
		Debug|Any CPU = Debug|Any CPU
		Release|Any CPU = Release|Any CPU
	EndGlobalSection
	GlobalSection(ProjectConfigurationPlatforms) = postSolution
		{CCF3C4B7-C552-4032-972F-6C81020725EA}.Debug|Any CPU.ActiveCfg = Debug|Any CPU
		{CCF3C4B7-C552-4032-972F-6C81020725EA}.Debug|Any CPU.Build.0 = Debug|Any CPU
		{CCF3C4B7-C552-4032-972F-6C81020725EA}.Release|Any CPU.ActiveCfg = Release|Any CPU
		{CCF3C4B7-C552-4032-972F-6C81020725EA}.Release|Any CPU.Build.0 = Release|Any CPU
	EndGlobalSection
	GlobalSection(SolutionProperties) = preSolution
		HideSolutionNode = FALSE
	EndGlobalSection
	GlobalSection(ExtensibilityGlobals) = postSolution
		SolutionGuid = {8B42C6CF-5A7D-4E30-B704-26A5924CCAD7}
	EndGlobalSection
EndGlobal
